
Microsoft Visual Studio Solution File, Format Version 12.00
# Visual Studio Version 16
VisualStudioVersion = 16.0.30225.117
MinimumVisualStudioVersion = 10.0.40219.1
Project("{9A19103F-16F7-4668-BE54-9A1E7A4F7556}") = "todolistwebapp", "todolistwebapp\todolistwebapp.csproj", "{89BC748B-8187-4AF1-9A0A-BA04A35DE953}"
EndProject
Global
	GlobalSection(SolutionConfigurationPlatforms) = preSolution
		Debug|Any CPU = Debug|Any CPU
		Release|Any CPU = Release|Any CPU
	EndGlobalSection
	GlobalSection(ProjectConfigurationPlatforms) = postSolution
		{89BC748B-8187-4AF1-9A0A-BA04A35DE953}.Debug|Any CPU.ActiveCfg = Debug|Any CPU
		{89BC748B-8187-4AF1-9A0A-BA04A35DE953}.Debug|Any CPU.Build.0 = Debug|Any CPU
		{89BC748B-8187-4AF1-9A0A-BA04A35DE953}.Release|Any CPU.ActiveCfg = Release|Any CPU
		{89BC748B-8187-4AF1-9A0A-BA04A35DE953}.Release|Any CPU.Build.0 = Release|Any CPU
	EndGlobalSection
	GlobalSection(SolutionProperties) = preSolution
		HideSolutionNode = FALSE
	EndGlobalSection
	GlobalSection(ExtensibilityGlobals) = postSolution
		SolutionGuid = {88905C0D-2B9F-4A4B-818C-E5FC1A3D65A9}
	EndGlobalSection
EndGlobal
